
Microsoft Visual Studio Solution File, Format Version 12.00
# Visual Studio Version 16
VisualStudioVersion = 16.0.31112.23
MinimumVisualStudioVersion = 10.0.40219.1
Project("{FAE04EC0-301F-11D3-BF4B-00C04F79EFBC}") = "IARA", "IARA\IARA.csproj", "{16349729-3E5A-4FA7-827B-582D321CB98A}"
EndProject
Global
	GlobalSection(SolutionConfigurationPlatforms) = preSolution
		Debug|Any CPU = Debug|Any CPU
		Release|Any CPU = Release|Any CPU
	EndGlobalSection
	GlobalSection(ProjectConfigurationPlatforms) = postSolution
		{16349729-3E5A-4FA7-827B-582D321CB98A}.Debug|Any CPU.ActiveCfg = Debug|Any CPU
		{16349729-3E5A-4FA7-827B-582D321CB98A}.Debug|Any CPU.Build.0 = Debug|Any CPU
		{16349729-3E5A-4FA7-827B-582D321CB98A}.Release|Any CPU.ActiveCfg = Release|Any CPU
		{16349729-3E5A-4FA7-827B-582D321CB98A}.Release|Any CPU.Build.0 = Release|Any CPU
	EndGlobalSection
	GlobalSection(SolutionProperties) = preSolution
		HideSolutionNode = FALSE
	EndGlobalSection
	GlobalSection(ExtensibilityGlobals) = postSolution
		SolutionGuid = {4D0BBB8F-4761-4D8E-82F9-20D86C090228}
	EndGlobalSection
EndGlobal
